
Microsoft Visual Studio Solution File, Format Version 12.00
# Visual Studio 15
VisualStudioVersion = 15.0.28010.2019
MinimumVisualStudioVersion = 10.0.40219.1
Project("{2150E333-8FDC-42A3-9474-1A3956D46DE8}") = "src", "src", "{85397689-988F-457F-BF8E-33972E554112}"
EndProject
Project("{9A19103F-16F7-4668-BE54-9A1E7A4F7556}") = "MS", "src\MS\MS.csproj", "{286F3D80-9BD2-4A38-A124-46D453362672}"
EndProject
Project("{2150E333-8FDC-42A3-9474-1A3956D46DE8}") = "test", "test", "{6EEF31D0-0A92-4C57-9B1C-EA05180A8CFB}"
EndProject
Project("{9A19103F-16F7-4668-BE54-9A1E7A4F7556}") = "MS360.Tests", "test\MS360.Tests\MS360.Tests.csproj", "{FD1F642D-2249-492B-90F9-9F4342782824}"
EndProject
Project("{9A19103F-16F7-4668-BE54-9A1E7A4F7556}") = "MS.DataAccess", "src\MS.DataAccess\MS.DataAccess.csproj", "{F0C71299-D69A-4F44-A9E8-C8652214DFB5}"
EndProject
Project("{9A19103F-16F7-4668-BE54-9A1E7A4F7556}") = "MS360.DataAccess.Tests", "test\MS360.DataAccess.Tests\MS360.DataAccess.Tests.csproj", "{93FEFEB9-5F9D-48DE-AEBF-362751A5CC39}"
EndProject
Project("{2150E333-8FDC-42A3-9474-1A3956D46DE8}") = "aspnet-core-demo", "aspnet-core-demo", "{7E0CAF39-C93C-43BA-9289-FBCCEE6AEFDE}"
EndProject
Project("{9A19103F-16F7-4668-BE54-9A1E7A4F7556}") = "MSAspNetCoreDemo", "test\MSAspNetCoreDemo\MSAspNetCoreDemo.csproj", "{4D8B50E6-3D7C-47D0-B19B-EECDB90E03EF}"
EndProject
Project("{9A19103F-16F7-4668-BE54-9A1E7A4F7556}") = "MS.AspNetCore", "src\MS.AspNetCore\MS.AspNetCore.csproj", "{0E5BE84D-7612-4046-BE80-10A85ED67B26}"
EndProject
Project("{FAE04EC0-301F-11D3-BF4B-00C04F79EFBC}") = "MS.Web.Api", "MS.Web.Api\MS.Web.Api.csproj", "{45CDD505-4B42-4943-B16E-3844B30014CE}"
EndProject
Project("{FAE04EC0-301F-11D3-BF4B-00C04F79EFBC}") = "MS.Castle.Log4Net", "MS.Castle.Log4Net\MS.Castle.Log4Net.csproj", "{1FE379FB-5C35-4079-93DB-AFCC08D4B5FA}"
EndProject
Global
	GlobalSection(SolutionConfigurationPlatforms) = preSolution
		Debug|Any CPU = Debug|Any CPU
		Release|Any CPU = Release|Any CPU
	EndGlobalSection
	GlobalSection(ProjectConfigurationPlatforms) = postSolution
		{286F3D80-9BD2-4A38-A124-46D453362672}.Debug|Any CPU.ActiveCfg = Debug|Any CPU
		{286F3D80-9BD2-4A38-A124-46D453362672}.Debug|Any CPU.Build.0 = Debug|Any CPU
		{286F3D80-9BD2-4A38-A124-46D453362672}.Release|Any CPU.ActiveCfg = Release|Any CPU
		{286F3D80-9BD2-4A38-A124-46D453362672}.Release|Any CPU.Build.0 = Release|Any CPU
		{FD1F642D-2249-492B-90F9-9F4342782824}.Debug|Any CPU.ActiveCfg = Debug|Any CPU
		{FD1F642D-2249-492B-90F9-9F4342782824}.Debug|Any CPU.Build.0 = Debug|Any CPU
		{FD1F642D-2249-492B-90F9-9F4342782824}.Release|Any CPU.ActiveCfg = Release|Any CPU
		{FD1F642D-2249-492B-90F9-9F4342782824}.Release|Any CPU.Build.0 = Release|Any CPU
		{F0C71299-D69A-4F44-A9E8-C8652214DFB5}.Debug|Any CPU.ActiveCfg = Debug|Any CPU
		{F0C71299-D69A-4F44-A9E8-C8652214DFB5}.Debug|Any CPU.Build.0 = Debug|Any CPU
		{F0C71299-D69A-4F44-A9E8-C8652214DFB5}.Release|Any CPU.ActiveCfg = Release|Any CPU
		{F0C71299-D69A-4F44-A9E8-C8652214DFB5}.Release|Any CPU.Build.0 = Release|Any CPU
		{93FEFEB9-5F9D-48DE-AEBF-362751A5CC39}.Debug|Any CPU.ActiveCfg = Debug|Any CPU
		{93FEFEB9-5F9D-48DE-AEBF-362751A5CC39}.Debug|Any CPU.Build.0 = Debug|Any CPU
		{93FEFEB9-5F9D-48DE-AEBF-362751A5CC39}.Release|Any CPU.ActiveCfg = Release|Any CPU
		{93FEFEB9-5F9D-48DE-AEBF-362751A5CC39}.Release|Any CPU.Build.0 = Release|Any CPU
		{4D8B50E6-3D7C-47D0-B19B-EECDB90E03EF}.Debug|Any CPU.ActiveCfg = Debug|Any CPU
		{4D8B50E6-3D7C-47D0-B19B-EECDB90E03EF}.Debug|Any CPU.Build.0 = Debug|Any CPU
		{4D8B50E6-3D7C-47D0-B19B-EECDB90E03EF}.Release|Any CPU.ActiveCfg = Release|Any CPU
		{4D8B50E6-3D7C-47D0-B19B-EECDB90E03EF}.Release|Any CPU.Build.0 = Release|Any CPU
		{0E5BE84D-7612-4046-BE80-10A85ED67B26}.Debug|Any CPU.ActiveCfg = Debug|Any CPU
		{0E5BE84D-7612-4046-BE80-10A85ED67B26}.Debug|Any CPU.Build.0 = Debug|Any CPU
		{0E5BE84D-7612-4046-BE80-10A85ED67B26}.Release|Any CPU.ActiveCfg = Release|Any CPU
		{0E5BE84D-7612-4046-BE80-10A85ED67B26}.Release|Any CPU.Build.0 = Release|Any CPU
		{45CDD505-4B42-4943-B16E-3844B30014CE}.Debug|Any CPU.ActiveCfg = Debug|Any CPU
		{45CDD505-4B42-4943-B16E-3844B30014CE}.Debug|Any CPU.Build.0 = Debug|Any CPU
		{45CDD505-4B42-4943-B16E-3844B30014CE}.Release|Any CPU.ActiveCfg = Release|Any CPU
		{45CDD505-4B42-4943-B16E-3844B30014CE}.Release|Any CPU.Build.0 = Release|Any CPU
		{1FE379FB-5C35-4079-93DB-AFCC08D4B5FA}.Debug|Any CPU.ActiveCfg = Debug|Any CPU
		{1FE379FB-5C35-4079-93DB-AFCC08D4B5FA}.Debug|Any CPU.Build.0 = Debug|Any CPU
		{1FE379FB-5C35-4079-93DB-AFCC08D4B5FA}.Release|Any CPU.ActiveCfg = Release|Any CPU
		{1FE379FB-5C35-4079-93DB-AFCC08D4B5FA}.Release|Any CPU.Build.0 = Release|Any CPU
	EndGlobalSection
	GlobalSection(SolutionProperties) = preSolution
		HideSolutionNode = FALSE
	EndGlobalSection
	GlobalSection(NestedProjects) = preSolution
		{286F3D80-9BD2-4A38-A124-46D453362672} = {85397689-988F-457F-BF8E-33972E554112}
		{FD1F642D-2249-492B-90F9-9F4342782824} = {6EEF31D0-0A92-4C57-9B1C-EA05180A8CFB}
		{F0C71299-D69A-4F44-A9E8-C8652214DFB5} = {85397689-988F-457F-BF8E-33972E554112}
		{93FEFEB9-5F9D-48DE-AEBF-362751A5CC39} = {6EEF31D0-0A92-4C57-9B1C-EA05180A8CFB}
		{7E0CAF39-C93C-43BA-9289-FBCCEE6AEFDE} = {6EEF31D0-0A92-4C57-9B1C-EA05180A8CFB}
		{4D8B50E6-3D7C-47D0-B19B-EECDB90E03EF} = {7E0CAF39-C93C-43BA-9289-FBCCEE6AEFDE}
		{0E5BE84D-7612-4046-BE80-10A85ED67B26} = {85397689-988F-457F-BF8E-33972E554112}
		{45CDD505-4B42-4943-B16E-3844B30014CE} = {85397689-988F-457F-BF8E-33972E554112}
		{1FE379FB-5C35-4079-93DB-AFCC08D4B5FA} = {85397689-988F-457F-BF8E-33972E554112}
	EndGlobalSection
	GlobalSection(ExtensibilityGlobals) = postSolution
		SolutionGuid = {856DA000-E9EF-422E-A4B5-F32CB67142D1}
	EndGlobalSection
EndGlobal
